
Microsoft Visual Studio Solution File, Format Version 12.00
# Visual Studio Version 17
VisualStudioVersion = 17.14.36518.9 d17.14
MinimumVisualStudioVersion = 10.0.40219.1
Project("{FAE04EC0-301F-11D3-BF4B-00C04F79EFBC}") = "negri_do_plynu", "negri_do_plynu\negri_do_plynu.csproj", "{FAA6C5C1-15B7-4F40-B967-44F97DBCAF94}"
EndProject
Global
	GlobalSection(SolutionConfigurationPlatforms) = preSolution
		Debug|Any CPU = Debug|Any CPU
		Release|Any CPU = Release|Any CPU
	EndGlobalSection
	GlobalSection(ProjectConfigurationPlatforms) = postSolution
		{FAA6C5C1-15B7-4F40-B967-44F97DBCAF94}.Debug|Any CPU.ActiveCfg = Debug|Any CPU
		{FAA6C5C1-15B7-4F40-B967-44F97DBCAF94}.Debug|Any CPU.Build.0 = Debug|Any CPU
		{FAA6C5C1-15B7-4F40-B967-44F97DBCAF94}.Release|Any CPU.ActiveCfg = Release|Any CPU
		{FAA6C5C1-15B7-4F40-B967-44F97DBCAF94}.Release|Any CPU.Build.0 = Release|Any CPU
	EndGlobalSection
	GlobalSection(SolutionProperties) = preSolution
		HideSolutionNode = FALSE
	EndGlobalSection
	GlobalSection(ExtensibilityGlobals) = postSolution
		SolutionGuid = {76C198CF-9C70-40E2-8E69-0C72C144A431}
	EndGlobalSection
EndGlobal
